// !$*UTF8*$!
{
	archiveVersion = 1;
	classes = {
	};
	objectVersion = 50;
	objects = {

/* Begin PBXBuildFile section */
		23CEFA8A268FAA6A0094C822 /* AppDelegate.swift in Sources */ = {isa = PBXBuildFile; fileRef = 23CEFA89268FAA6A0094C822 /* AppDelegate.swift */; };
		23CEFA8C268FAA6A0094C822 /* SceneDelegate.swift in Sources */ = {isa = PBXBuildFile; fileRef = 23CEFA8B268FAA6A0094C822 /* SceneDelegate.swift */; };
		23CEFA8E268FAA6A0094C822 /* ViewController.swift in Sources */ = {isa = PBXBuildFile; fileRef = 23CEFA8D268FAA6A0094C822 /* ViewController.swift */; };
		23CEFA91268FAA6A0094C822 /* Main.storyboard in Resources */ = {isa = PBXBuildFile; fileRef = 23CEFA8F268FAA6A0094C822 /* Main.storyboard */; };
		23CEFA93268FAA6D0094C822 /* Assets.xcassets in Resources */ = {isa = PBXBuildFile; fileRef = 23CEFA92268FAA6D0094C822 /* Assets.xcassets */; };
		23CEFA96268FAA6D0094C822 /* LaunchScreen.storyboard in Resources */ = {isa = PBXBuildFile; fileRef = 23CEFA94268FAA6D0094C822 /* LaunchScreen.storyboard */; };
/* End PBXBuildFile section */

/* Begin PBXFileReference section */
		23CEFA86268FAA6A0094C822 /* traz-ae.app */ = {isa = PBXFileReference; explicitFileType = wrapper.application; includeInIndex = 0; path = "traz-ae.app"; sourceTree = BUILT_PRODUCTS_DIR; };
		23CEFA89268FAA6A0094C822 /* AppDelegate.swift */ = {isa = PBXFileReference; lastKnownFileType = sourcecode.swift; path = AppDelegate.swift; sourceTree = "<group>"; };
		23CEFA8B268FAA6A0094C822 /* SceneDelegate.swift */ = {isa = PBXFileReference; lastKnownFileType = sourcecode.swift; path = SceneDelegate.swift; sourceTree = "<group>"; };
		23CEFA8D268FAA6A0094C822 /* ViewController.swift */ = {isa = PBXFileReference; lastKnownFileType = sourcecode.swift; path = ViewController.swift; sourceTree = "<group>"; };
		23CEFA90268FAA6A0094C822 /* Base */ = {isa = PBXFileReference; lastKnownFileType = file.storyboard; name = Base; path = Base.lproj/Main.storyboard; sourceTree = "<group>"; };
		23CEFA92268FAA6D0094C822 /* Assets.xcassets */ = {isa = PBXFileReference; lastKnownFileType = folder.assetcatalog; path = Assets.xcassets; sourceTree = "<group>"; };
		23CEFA95268FAA6D0094C822 /* Base */ = {isa = PBXFileReference; lastKnownFileType = file.storyboard; name = Base; path = Base.lproj/LaunchScreen.storyboard; sourceTree = "<group>"; };
		23CEFA97268FAA6D0094C822 /* Info.plist */ = {isa = PBXFileReference; lastKnownFileType = text.plist.xml; path = Info.plist; sourceTree = "<group>"; };
/* End PBXFileReference section */

/* Begin PBXFrameworksBuildPhase section */
		23CEFA83268FAA6A0094C822 /* Frameworks */ = {
			isa = PBXFrameworksBuildPhase;
			buildActionMask = 2147483647;
			files = (
			);
			runOnlyForDeploymentPostprocessing = 0;
		};
/* End PBXFrameworksBuildPhase section */

/* Begin PBXGroup section */
		23CEFA7D268FAA6A0094C822 = {
			isa = PBXGroup;
			children = (
				23CEFA88268FAA6A0094C822 /* traz-ae */,
				23CEFA87268FAA6A0094C822 /* Products */,
			);
			sourceTree = "<group>";
		};
		23CEFA87268FAA6A0094C822 /* Products */ = {
			isa = PBXGroup;
			children = (
				23CEFA86268FAA6A0094C822 /* traz-ae.app */,
			);
			name = Products;
			sourceTree = "<group>";
		};
		23CEFA88268FAA6A0094C822 /* traz-ae */ = {
			isa = PBXGroup;
			children = (
				23CEFA89268FAA6A0094C822 /* AppDelegate.swift */,
				23CEFA8B268FAA6A0094C822 /* SceneDelegate.swift */,
				23CEFA8D268FAA6A0094C822 /* ViewController.swift */,
				23CEFA8F268FAA6A0094C822 /* Main.storyboard */,
				23CEFA92268FAA6D0094C822 /* Assets.xcassets */,
				23CEFA94268FAA6D0094C822 /* LaunchScreen.storyboard */,
				23CEFA97268FAA6D0094C822 /* Info.plist */,
			);
			path = "traz-ae";
			sourceTree = "<group>";
		};
/* End PBXGroup section */

/* Begin PBXNativeTarget section */
		23CEFA85268FAA6A0094C822 /* traz-ae */ = {
			isa = PBXNativeTarget;
			buildConfigurationList = 23CEFA9A268FAA6D0094C822 /* Build configuration list for PBXNativeTarget "traz-ae" */;
			buildPhases = (
				23CEFA82268FAA6A0094C822 /* Sources */,
				23CEFA83268FAA6A0094C822 /* Frameworks */,
				23CEFA84268FAA6A0094C822 /* Resources */,
			);
			buildRules = (
			);
			dependencies = (
			);
			name = "traz-ae";
			productName = "traz-ae";
			productReference = 23CEFA86268FAA6A0094C822 /* traz-ae.app */;
			productType = "com.apple.product-type.application";
		};
/* End PBXNativeTarget section */

/* Begin PBXProject section */
		23CEFA7E268FAA6A0094C822 /* Project object */ = {
			isa = PBXProject;
			attributes = {
				LastSwiftUpdateCheck = 1250;
				LastUpgradeCheck = 1250;
				TargetAttributes = {
					23CEFA85268FAA6A0094C822 = {
						CreatedOnToolsVersion = 12.5.1;
					};
				};
			};
			buildConfigurationList = 23CEFA81268FAA6A0094C822 /* Build configuration list for PBXProject "traz-ae" */;
			compatibilityVersion = "Xcode 9.3";
			developmentRegion = en;
			hasScannedForEncodings = 0;
			knownRegions = (
				en,
				Base,
			);
			mainGroup = 23CEFA7D268FAA6A0094C822;
			productRefGroup = 23CEFA87268FAA6A0094C822 /* Products */;
			projectDirPath = "";
			projectRoot = "";
			targets = (
				23CEFA85268FAA6A0094C822 /* traz-ae */,
			);
		};
/* End PBXProject section */

/* Begin PBXResourcesBuildPhase section */
		23CEFA84268FAA6A0094C822 /* Resources */ = {
			isa = PBXResourcesBuildPhase;
			buildActionMask = 2147483647;
			files = (
				23CEFA96268FAA6D0094C822 /* LaunchScreen.storyboard in Resources */,
				23CEFA93268FAA6D0094C822 /* Assets.xcassets in Resources */,
				23CEFA91268FAA6A0094C822 /* Main.storyboard in Resources */,
			);
			runOnlyForDeploymentPostprocessing = 0;
		};
/* End PBXResourcesBuildPhase section */

/* Begin PBXSourcesBuildPhase section */
		23CEFA82268FAA6A0094C822 /* Sources */ = {
			isa = PBXSourcesBuildPhase;
			buildActionMask = 2147483647;
			files = (
				23CEFA8E268FAA6A0094C822 /* ViewController.swift in Sources */,
				23CEFA8A268FAA6A0094C822 /* AppDelegate.swift in Sources */,
				23CEFA8C268FAA6A0094C822 /* SceneDelegate.swift in Sources */,
			);
			runOnlyForDeploymentPostprocessing = 0;
		};
/* End PBXSourcesBuildPhase section */

/* Begin PBXVariantGroup section */
		23CEFA8F268FAA6A0094C822 /* Main.storyboard */ = {
			isa = PBXVariantGroup;
			children = (
				23CEFA90268FAA6A0094C822 /* Base */,
			);
			name = Main.storyboard;
			sourceTree = "<group>";
		};
		23CEFA94268FAA6D0094C822 /* LaunchScreen.storyboard */ = {
			isa = PBXVariantGroup;
			children = (
				23CEFA95268FAA6D0094C822 /* Base */,
			);
			name = LaunchScreen.storyboard;
			sourceTree = "<group>";
		};
/* End PBXVariantGroup section */

/* Begin XCBuildConfiguration section */
		23CEFA98268FAA6D0094C822 /* Debug */ = {
			isa = XCBuildConfiguration;
			buildSettings = {
				ALWAYS_SEARCH_USER_PATHS = NO;
				CLANG_ANALYZER_NONNULL = YES;
				CLANG_ANALYZER_NUMBER_OBJECT_CONVERSION = YES_AGGRESSIVE;
				CLANG_CXX_LANGUAGE_STANDARD = "gnu++14";
				CLANG_CXX_LIBRARY = "libc++";
				CLANG_ENABLE_MODULES = YES;
				CLANG_ENABLE_OBJC_ARC = YES;
				CLANG_ENABLE_OBJC_WEAK = YES;
				CLANG_WARN_BLOCK_CAPTURE_AUTORELEASING = YES;
				CLANG_WARN_BOOL_CONVERSION = YES;
				CLANG_WARN_COMMA = YES;
				CLANG_WARN_CONSTANT_CONVERSION = YES;
				CLANG_WARN_DEPRECATED_OBJC_IMPLEMENTATIONS = YES;
				CLANG_WARN_DIRECT_OBJC_ISA_USAGE = YES_ERROR;
				CLANG_WARN_DOCUMENTATION_COMMENTS = YES;
				CLANG_WARN_EMPTY_BODY = YES;
				CLANG_WARN_ENUM_CONVERSION = YES;
				CLANG_WARN_INFINITE_RECURSION = YES;
				CLANG_WARN_INT_CONVERSION = YES;
				CLANG_WARN_NON_LITERAL_NULL_CONVERSION = YES;
				CLANG_WARN_OBJC_IMPLICIT_RETAIN_SELF = YES;
				CLANG_WARN_OBJC_LITERAL_CONVERSION = YES;
				CLANG_WARN_OBJC_ROOT_CLASS = YES_ERROR;
				CLANG_WARN_QUOTED_INCLUDE_IN_FRAMEWORK_HEADER = YES;
				CLANG_WARN_RANGE_LOOP_ANALYSIS = YES;
				CLANG_WARN_STRICT_PROTOTYPES = YES;
				CLANG_WARN_SUSPICIOUS_MOVE = YES;
				CLANG_WARN_UNGUARDED_AVAILABILITY = YES_AGGRESSIVE;
				CLANG_WARN_UNREACHABLE_CODE = YES;
				CLANG_WARN__DUPLICATE_METHOD_MATCH = YES;
				COPY_PHASE_STRIP = NO;
				DEBUG_INFORMATION_FORMAT = dwarf;
				ENABLE_STRICT_OBJC_MSGSEND = YES;
				ENABLE_TESTABILITY = YES;
				GCC_C_LANGUAGE_STANDARD = gnu11;
				GCC_DYNAMIC_NO_PIC = NO;
				GCC_NO_COMMON_BLOCKS = YES;
				GCC_OPTIMIZATION_LEVEL = 0;
				GCC_PREPROCESSOR_DEFINITIONS = (
					"DEBUG=1",
					"$(inherited)",
				);
				GCC_WARN_64_TO_32_BIT_CONVERSION = YES;
				GCC_WARN_ABOUT_RETURN_TYPE = YES_ERROR;
				GCC_WARN_UNDECLARED_SELECTOR = YES;
				GCC_WARN_UNINITIALIZED_AUTOS = YES_AGGRESSIVE;
				GCC_WARN_UNUSED_FUNCTION = YES;
				GCC_WARN_UNUSED_VARIABLE = YES;
				IPHONEOS_DEPLOYMENT_TARGET = 14.5;
				MTL_ENABLE_DEBUG_INFO = INCLUDE_SOURCE;
				MTL_FAST_MATH = YES;
				ONLY_ACTIVE_ARCH = YES;
				SDKROOT = iphoneos;
				SWIFT_ACTIVE_COMPILATION_CONDITIONS = DEBUG;
				SWIFT_OPTIMIZATION_LEVEL = "-Onone";
			};
			name = Debug;
		};
		23CEFA99268FAA6D0094C822 /* Release */ = {
			isa = XCBuildConfiguration;
			buildSettings = {
				ALWAYS_SEARCH_USER_PATHS = NO;
				CLANG_ANALYZER_NONNULL = YES;
				CLANG_ANALYZER_NUMBER_OBJECT_CONVERSION = YES_AGGRESSIVE;
				CLANG_CXX_LANGUAGE_STANDARD = "gnu++14";
				CLANG_CXX_LIBRARY = "libc++";
				CLANG_ENABLE_MODULES = YES;
				CLANG_ENABLE_OBJC_ARC = YES;
				CLANG_ENABLE_OBJC_WEAK = YES;
				CLANG_WARN_BLOCK_CAPTURE_AUTORELEASING = YES;
				CLANG_WARN_BOOL_CONVERSION = YES;
				CLANG_WARN_COMMA = YES;
				CLANG_WARN_CONSTANT_CONVERSION = YES;
				CLANG_WARN_DEPRECATED_OBJC_IMPLEMENTATIONS = YES;
				CLANG_WARN_DIRECT_OBJC_ISA_USAGE = YES_ERROR;
				CLANG_WARN_DOCUMENTATION_COMMENTS = YES;
				CLANG_WARN_EMPTY_BODY = YES;
				CLANG_WARN_ENUM_CONVERSION = YES;
				CLANG_WARN_INFINITE_RECURSION = YES;
				CLANG_WARN_INT_CONVERSION = YES;
				CLANG_WARN_NON_LITERAL_NULL_CONVERSION = YES;
				CLANG_WARN_OBJC_IMPLICIT_RETAIN_SELF = YES;
				CLANG_WARN_OBJC_LITERAL_CONVERSION = YES;
				CLANG_WARN_OBJC_ROOT_CLASS = YES_ERROR;
				CLANG_WARN_QUOTED_INCLUDE_IN_FRAMEWORK_HEADER = YES;
				CLANG_WARN_RANGE_LOOP_ANALYSIS = YES;
				CLANG_WARN_STRICT_PROTOTYPES = YES;
				CLANG_WARN_SUSPICIOUS_MOVE = YES;
				CLANG_WARN_UNGUARDED_AVAILABILITY = YES_AGGRESSIVE;
				CLANG_WARN_UNREACHABLE_CODE = YES;
				CLANG_WARN__DUPLICATE_METHOD_MATCH = YES;
				COPY_PHASE_STRIP = NO;
				DEBUG_INFORMATION_FORMAT = "dwarf-with-dsym";
				ENABLE_NS_ASSERTIONS = NO;
				ENABLE_STRICT_OBJC_MSGSEND = YES;
				GCC_C_LANGUAGE_STANDARD = gnu11;
				GCC_NO_COMMON_BLOCKS = YES;
				GCC_WARN_64_TO_32_BIT_CONVERSION = YES;
				GCC_WARN_ABOUT_RETURN_TYPE = YES_ERROR;
				GCC_WARN_UNDECLARED_SELECTOR = YES;
				GCC_WARN_UNINITIALIZED_AUTOS = YES_AGGRESSIVE;
				GCC_WARN_UNUSED_FUNCTION = YES;
				GCC_WARN_UNUSED_VARIABLE = YES;
				IPHONEOS_DEPLOYMENT_TARGET = 14.5;
				MTL_ENABLE_DEBUG_INFO = NO;
				MTL_FAST_MATH = YES;
				SDKROOT = iphoneos;
				SWIFT_COMPILATION_MODE = wholemodule;
				SWIFT_OPTIMIZATION_LEVEL = "-O";
				VALIDATE_PRODUCT = YES;
			};
			name = Release;
		};
		23CEFA9B268FAA6D0094C822 /* Debug */ = {
			isa = XCBuildConfiguration;
			buildSettings = {
				ASSETCATALOG_COMPILER_APPICON_NAME = AppIcon;
				ASSETCATALOG_COMPILER_GLOBAL_ACCENT_COLOR_NAME = AccentColor;
				CODE_SIGN_STYLE = Automatic;
				DEVELOPMENT_TEAM = QM6WASA53B;
				INFOPLIST_FILE = "traz-ae/Info.plist";
				LD_RUNPATH_SEARCH_PATHS = (
					"$(inherited)",
					"@executable_path/Frameworks",
				);
				PRODUCT_BUNDLE_IDENTIFIER = "br.com.abner.traz-ae";
				PRODUCT_NAME = "$(TARGET_NAME)";
				SWIFT_VERSION = 5.0;
				TARGETED_DEVICE_FAMILY = "1,2";
			};
			name = Debug;
		};
		23CEFA9C268FAA6D0094C822 /* Release */ = {
			isa = XCBuildConfiguration;
			buildSettings = {
				ASSETCATALOG_COMPILER_APPICON_NAME = AppIcon;
				ASSETCATALOG_COMPILER_GLOBAL_ACCENT_COLOR_NAME = AccentColor;
				CODE_SIGN_STYLE = Automatic;
				DEVELOPMENT_TEAM = QM6WASA53B;
				INFOPLIST_FILE = "traz-ae/Info.plist";
				LD_RUNPATH_SEARCH_PATHS = (
					"$(inherited)",
					"@executable_path/Frameworks",
				);
				PRODUCT_BUNDLE_IDENTIFIER = "br.com.abner.traz-ae";
				PRODUCT_NAME = "$(TARGET_NAME)";
				SWIFT_VERSION = 5.0;
				TARGETED_DEVICE_FAMILY = "1,2";
			};
			name = Release;
		};
/* End XCBuildConfiguration section */

/* Begin XCConfigurationList section */
		23CEFA81268FAA6A0094C822 /* Build configuration list for PBXProject "traz-ae" */ = {
			isa = XCConfigurationList;
			buildConfigurations = (
				23CEFA98268FAA6D0094C822 /* Debug */,
				23CEFA99268FAA6D0094C822 /* Release */,
			);
			defaultConfigurationIsVisible = 0;
			defaultConfigurationName = Release;
		};
		23CEFA9A268FAA6D0094C822 /* Build configuration list for PBXNativeTarget "traz-ae" */ = {
			isa = XCConfigurationList;
			buildConfigurations = (
				23CEFA9B268FAA6D0094C822 /* Debug */,
				23CEFA9C268FAA6D0094C822 /* Release */,
			);
			defaultConfigurationIsVisible = 0;
			defaultConfigurationName = Release;
		};
/* End XCConfigurationList section */
	};
	rootObject = 23CEFA7E268FAA6A0094C822 /* Project object */;
}
